
Microsoft Visual Studio Solution File, Format Version 12.00
# Visual Studio Version 17
VisualStudioVersion = 17.9.34607.119
MinimumVisualStudioVersion = 10.0.40219.1
Project("{FAE04EC0-301F-11D3-BF4B-00C04F79EFBC}") = "WebApplication1", "WebApplication1\WebApplication1.csproj", "{EBB66EFB-F952-43B0-A9DC-2C6B111A0EB2}"
EndProject
Global
	GlobalSection(SolutionConfigurationPlatforms) = preSolution
		Debug|Any CPU = Debug|Any CPU
		Release|Any CPU = Release|Any CPU
	EndGlobalSection
	GlobalSection(ProjectConfigurationPlatforms) = postSolution
		{EBB66EFB-F952-43B0-A9DC-2C6B111A0EB2}.Debug|Any CPU.ActiveCfg = Debug|Any CPU
		{EBB66EFB-F952-43B0-A9DC-2C6B111A0EB2}.Debug|Any CPU.Build.0 = Debug|Any CPU
		{EBB66EFB-F952-43B0-A9DC-2C6B111A0EB2}.Release|Any CPU.ActiveCfg = Release|Any CPU
		{EBB66EFB-F952-43B0-A9DC-2C6B111A0EB2}.Release|Any CPU.Build.0 = Release|Any CPU
	EndGlobalSection
	GlobalSection(SolutionProperties) = preSolution
		HideSolutionNode = FALSE
	EndGlobalSection
	GlobalSection(ExtensibilityGlobals) = postSolution
		SolutionGuid = {8A735C1A-1D89-4419-9470-B4ADA94473FC}
	EndGlobalSection
EndGlobal
